
Microsoft Visual Studio Solution File, Format Version 12.00
# Visual Studio 14
VisualStudioVersion = 14.0.25420.1
MinimumVisualStudioVersion = 10.0.40219.1
Project("{FAE04EC0-301F-11D3-BF4B-00C04F79EFBC}") = "WPF控件", "WPF控件\WPF控件.csproj", "{1F7FA1E0-9906-4F58-A207-96F4DCFE62D8}"
EndProject
Project("{FAE04EC0-301F-11D3-BF4B-00C04F79EFBC}") = "ControlLibrary", "ControlLibrary\ControlLibrary.csproj", "{4558B954-1F48-4452-A645-8BC8FA68F5D9}"
EndProject
Project("{FAE04EC0-301F-11D3-BF4B-00C04F79EFBC}") = "动态背景", "动态背景\动态背景.csproj", "{A460BFF2-344D-40B4-BF88-6F89895AD824}"
EndProject
Project("{FAE04EC0-301F-11D3-BF4B-00C04F79EFBC}") = "ImageButton1", "ImageButton\ImageButton1.csproj", "{4118D1A1-B749-4FCD-9666-7E894AE9AD30}"
EndProject
Project("{FAE04EC0-301F-11D3-BF4B-00C04F79EFBC}") = "ImageButton", "H:\WPF程序\动态图片按钮\C#\ImageButton\ImageButton.csproj", "{9289F911-8418-457A-AD7D-55EBB66ACE55}"
EndProject
Project("{FAE04EC0-301F-11D3-BF4B-00C04F79EFBC}") = "ProgressBar", "ProgressBar\ProgressBar.csproj", "{55B5EEBB-5E0D-479A-BDA5-07B17E389AC8}"
EndProject
Project("{FAE04EC0-301F-11D3-BF4B-00C04F79EFBC}") = "Animation", "Animation\Animation.csproj", "{7390C2F7-634F-4F64-9420-15059BB26804}"
EndProject
Project("{FAE04EC0-301F-11D3-BF4B-00C04F79EFBC}") = "获取节假日信息", "获取节假日信息\获取节假日信息.csproj", "{14BB1BE0-F6FF-459B-B300-7145134C13E6}"
EndProject
Project("{FAE04EC0-301F-11D3-BF4B-00C04F79EFBC}") = "滚动的小球动画教程", "滚动的小球动画教程\滚动的小球动画教程.csproj", "{19753431-25A2-4A24-8DC4-93A808A95E76}"
EndProject
Project("{FAE04EC0-301F-11D3-BF4B-00C04F79EFBC}") = "DEVGridControl", "DEVGridControl\DEVGridControl.csproj", "{32AEE438-3F1C-460C-BF24-5D1B3CC15BBB}"
EndProject
Project("{FAE04EC0-301F-11D3-BF4B-00C04F79EFBC}") = "通过Window.DataContext实现窗口间传值", "通过Window.DataContext实现窗口间传值\通过Window.DataContext实现窗口间传值.csproj", "{1FB53656-8338-462B-8B22-597FEA713F2B}"
EndProject
Project("{FAE04EC0-301F-11D3-BF4B-00C04F79EFBC}") = "Datagrid最后一行问题", "Datagrid最后一行问题\Datagrid最后一行问题.csproj", "{85101749-D4EC-4CE3-9B47-3867DF0B1EBD}"
EndProject
Project("{FAE04EC0-301F-11D3-BF4B-00C04F79EFBC}") = "GridControlDemo", "GridControlDemo\GridControlDemo.csproj", "{E104206D-313E-4155-BB43-F4D4882069C3}"
EndProject
Project("{FAE04EC0-301F-11D3-BF4B-00C04F79EFBC}") = "TreeListControl", "TreeListControl\TreeListControl.csproj", "{1B9BADA9-CA36-44A1-AC8C-9D39D821B429}"
EndProject
Project("{2150E333-8FDC-42A3-9474-1A3956D46DE8}") = "Buttons", "Buttons", "{0C121CE7-8EEE-4520-8D7F-319D3D20ACDC}"
EndProject
Project("{FAE04EC0-301F-11D3-BF4B-00C04F79EFBC}") = "WPF自定义Button样式(按钮长度随Content长度自适应", "WPF自定义Button样式(按钮长度随Content长度自适应\WPF自定义Button样式(按钮长度随Content长度自适应.csproj", "{7BB900B7-28EF-4ED5-A8DE-DC4144E5C1D0}"
EndProject
Project("{FAE04EC0-301F-11D3-BF4B-00C04F79EFBC}") = "BehaviorsTest", "DXApplication3\BehaviorsTest\BehaviorsTest.csproj", "{D3A2177B-1CB4-46B1-BC21-9D457BAF4B94}"
EndProject
Project("{2150E333-8FDC-42A3-9474-1A3956D46DE8}") = "Textbox", "Textbox", "{2EB85AEB-A0E5-4FC0-9F03-B9FE5E8AAC5B}"
EndProject
Project("{FAE04EC0-301F-11D3-BF4B-00C04F79EFBC}") = "WPF中textBlock 变色功能", "WPF中textBlock 变色功能\WPF中textBlock 变色功能.csproj", "{48D2ED1E-1C80-4F06-8C1F-58017B56BEEB}"
EndProject
Project("{2150E333-8FDC-42A3-9474-1A3956D46DE8}") = "CheckBox", "CheckBox", "{10B33129-F329-4794-ABFC-3F75687903EF}"
EndProject
Project("{FAE04EC0-301F-11D3-BF4B-00C04F79EFBC}") = "CheckBox", "CheckBox\CheckBox.csproj", "{03DD552D-778C-4C77-84C3-39205C8006BF}"
EndProject
Project("{FAE04EC0-301F-11D3-BF4B-00C04F79EFBC}") = "WPFTextBox实现按字节长度限制输入功能", "WPFTextBox实现按字节长度限制输入功能\WPFTextBox实现按字节长度限制输入功能.csproj", "{5D5BD9AD-CE49-43CF-B916-76FFCDB9601C}"
EndProject
Project("{2150E333-8FDC-42A3-9474-1A3956D46DE8}") = "Textblock", "Textblock", "{3956CABC-A903-4FA5-8939-FA55826FB823}"
EndProject
Project("{FAE04EC0-301F-11D3-BF4B-00C04F79EFBC}") = "TextBlockLib", "TextBlockLib\TextBlockLib.csproj", "{0F1F782B-8944-4539-83A2-F9FAC30F5D51}"
EndProject
Project("{FAE04EC0-301F-11D3-BF4B-00C04F79EFBC}") = "LoadingProgressBar", "LoadingProgressBar\LoadingProgressBar.csproj", "{D45083CE-D090-4EA4-A4A8-9F7C187244F0}"
EndProject
Project("{FAE04EC0-301F-11D3-BF4B-00C04F79EFBC}") = "DispatcherFrame", "H:\WPF开源数据\WPF控件\DispatcherFrame\TestApp\DispatcherFrame.csproj", "{751B3C03-6ABA-46E7-92E7-4053DA09AA64}"
EndProject
Project("{FAE04EC0-301F-11D3-BF4B-00C04F79EFBC}") = "Button很好玩的滚动效果", "Button很好玩的滚动效果\Button很好玩的滚动效果.csproj", "{0A9630D6-AB4E-4C66-A406-D5D99FFD8055}"
EndProject
Project("{2150E333-8FDC-42A3-9474-1A3956D46DE8}") = "ListBox", "ListBox", "{27466980-3DCA-4803-B618-8BC0861A39E0}"
EndProject
Project("{FAE04EC0-301F-11D3-BF4B-00C04F79EFBC}") = "WPF中的数据模板DataTemplate", "WPF中的数据模板(DataTemplate)\WPF中的数据模板DataTemplate.csproj", "{E716CC6B-31E4-4DFB-8B56-DBAADC100247}"
EndProject
Project("{2150E333-8FDC-42A3-9474-1A3956D46DE8}") = "Datagrid", "Datagrid", "{5DD855BF-256A-4D65-AF35-3CBD0D53DFB5}"
EndProject
Project("{2150E333-8FDC-42A3-9474-1A3956D46DE8}") = "Animations", "Animations", "{427E4F5F-5C02-4851-996D-0C947BFB1326}"
EndProject
Project("{FAE04EC0-301F-11D3-BF4B-00C04F79EFBC}") = "WPF 2个datagrid之间同步进度条", "..\WPF 2个datagrid之间同步进度条\WPF 2个datagrid之间同步进度条\WPF 2个datagrid之间同步进度条.csproj", "{839E6777-F0B2-427C-AE71-8CF4EB7C38E7}"
EndProject
Project("{2150E333-8FDC-42A3-9474-1A3956D46DE8}") = "UserControl", "UserControl", "{9CCFC135-0D9A-41C1-A096-2413FEC80668}"
EndProject
Project("{FAE04EC0-301F-11D3-BF4B-00C04F79EFBC}") = "LoadingScreen", "LoadingScreen\LoadingScreen.csproj", "{82DDB2D2-EA9A-4983-8641-14D148A4EBB8}"
EndProject
Project("{2150E333-8FDC-42A3-9474-1A3956D46DE8}") = "skin", "skin", "{5060FDB7-9032-4954-8DC4-365302BA7A4A}"
EndProject
Project("{FAE04EC0-301F-11D3-BF4B-00C04F79EFBC}") = "WPF 圆内带扇形按钮", "WPF 圆内带扇形按钮\WPF 圆内带扇形按钮.csproj", "{2647971A-540F-439F-8FA2-5D547EC2B583}"
EndProject
Project("{2150E333-8FDC-42A3-9474-1A3956D46DE8}") = "使用Font-Awesome图标字体", "使用Font-Awesome图标字体", "{FC33801F-2D7F-4162-B127-46D6976ED705}"
EndProject
Project("{FAE04EC0-301F-11D3-BF4B-00C04F79EFBC}") = "FontAwesomeIcon", "FontAwesomeIcon\FontAwesomeIcon.csproj", "{70451EE0-7765-44A0-A576-19B4A734C6E8}"
EndProject
Project("{2150E333-8FDC-42A3-9474-1A3956D46DE8}") = "Window", "Window", "{ED108E4F-C26C-48E7-864B-9AC4C5B870EC}"
EndProject
Project("{FAE04EC0-301F-11D3-BF4B-00C04F79EFBC}") = "在WPF中蒙版背景实现", "在WPF中蒙版背景实现\在WPF中蒙版背景实现.csproj", "{2B334E10-66A6-4507-9068-E444B7ADB46A}"
EndProject
Project("{FAE04EC0-301F-11D3-BF4B-00C04F79EFBC}") = "WPF_CustomWindow", "WPF_CustomWindow-master\WPF_CustomWindow\WPF_CustomWindow.csproj", "{BFEC3639-C914-4F9B-BB93-0A38D2C4DC54}"
EndProject
Project("{FAE04EC0-301F-11D3-BF4B-00C04F79EFBC}") = "Button", "Button\Button.csproj", "{0A5AB1AF-6018-4383-A0FC-F72AD45E0651}"
EndProject
Project("{2150E333-8FDC-42A3-9474-1A3956D46DE8}") = "Clock", "Clock", "{E59BACEA-09C2-413B-A1C5-8938E2BFBCB0}"
EndProject
Project("{FAE04EC0-301F-11D3-BF4B-00C04F79EFBC}") = "CLOCK", "CLOCK\CLOCK.csproj", "{6B85C738-9E17-498E-AE52-ACF1C6E87A58}"
EndProject
Project("{FAE04EC0-301F-11D3-BF4B-00C04F79EFBC}") = "Wpf最前端绘图", "Wpf最前端绘图\Wpf最前端绘图.csproj", "{05A4355D-495D-4B59-8493-6F354EE57A0A}"
EndProject
Project("{2150E333-8FDC-42A3-9474-1A3956D46DE8}") = "NewFolder2", "NewFolder2", "{B40F237B-FC69-4130-9921-7D4D6FF3A613}"
EndProject
Project("{FAE04EC0-301F-11D3-BF4B-00C04F79EFBC}") = "逐渐消失的矩形", "逐渐消失的矩形\逐渐消失的矩形.csproj", "{8FAC18F3-53D3-47BC-BD89-67D3EF08A1DE}"
EndProject
Project("{2150E333-8FDC-42A3-9474-1A3956D46DE8}") = "Effects", "Effects", "{B975D612-604A-4808-A458-DAEE7ED54E31}"
EndProject
Project("{FAE04EC0-301F-11D3-BF4B-00C04F79EFBC}") = "FluentDesignSystem中的光照效果RevealBrush", "FluentDesignSystem中的光照效果RevealBrush\FluentDesignSystem中的光照效果RevealBrush.csproj", "{414A8E5D-2529-42C0-A67D-CFFDA141052D}"
EndProject
Project("{2150E333-8FDC-42A3-9474-1A3956D46DE8}") = "ChartControl", "ChartControl", "{AE88265E-FAA3-4E0A-91C5-5EA5A1078614}"
EndProject
Project("{FAE04EC0-301F-11D3-BF4B-00C04F79EFBC}") = "ScenarioAnalysisChart", "ScenarioAnalysisChart\ScenarioAnalysisChart.csproj", "{0A782A30-E167-409D-8AA3-83676D2CB8A3}"
EndProject
Project("{FAE04EC0-301F-11D3-BF4B-00C04F79EFBC}") = "WpfCarouselDemo", "WpfCarouselDemo\WpfCarouselDemo.csproj", "{EE654EEC-7906-4700-9A2C-64280E92B6AD}"
EndProject
Global
	GlobalSection(SolutionConfigurationPlatforms) = preSolution
		Debug|Any CPU = Debug|Any CPU
		Debug|x86 = Debug|x86
		Release|Any CPU = Release|Any CPU
		Release|x86 = Release|x86
	EndGlobalSection
	GlobalSection(ProjectConfigurationPlatforms) = postSolution
		{1F7FA1E0-9906-4F58-A207-96F4DCFE62D8}.Debug|Any CPU.ActiveCfg = Debug|Any CPU
		{1F7FA1E0-9906-4F58-A207-96F4DCFE62D8}.Debug|Any CPU.Build.0 = Debug|Any CPU
		{1F7FA1E0-9906-4F58-A207-96F4DCFE62D8}.Debug|x86.ActiveCfg = Debug|Any CPU
		{1F7FA1E0-9906-4F58-A207-96F4DCFE62D8}.Debug|x86.Build.0 = Debug|Any CPU
		{1F7FA1E0-9906-4F58-A207-96F4DCFE62D8}.Release|Any CPU.ActiveCfg = Release|Any CPU
		{1F7FA1E0-9906-4F58-A207-96F4DCFE62D8}.Release|Any CPU.Build.0 = Release|Any CPU
		{1F7FA1E0-9906-4F58-A207-96F4DCFE62D8}.Release|x86.ActiveCfg = Release|Any CPU
		{1F7FA1E0-9906-4F58-A207-96F4DCFE62D8}.Release|x86.Build.0 = Release|Any CPU
		{4558B954-1F48-4452-A645-8BC8FA68F5D9}.Debug|Any CPU.ActiveCfg = Debug|Any CPU
		{4558B954-1F48-4452-A645-8BC8FA68F5D9}.Debug|Any CPU.Build.0 = Debug|Any CPU
		{4558B954-1F48-4452-A645-8BC8FA68F5D9}.Debug|x86.ActiveCfg = Debug|Any CPU
		{4558B954-1F48-4452-A645-8BC8FA68F5D9}.Debug|x86.Build.0 = Debug|Any CPU
		{4558B954-1F48-4452-A645-8BC8FA68F5D9}.Release|Any CPU.ActiveCfg = Release|Any CPU
		{4558B954-1F48-4452-A645-8BC8FA68F5D9}.Release|Any CPU.Build.0 = Release|Any CPU
		{4558B954-1F48-4452-A645-8BC8FA68F5D9}.Release|x86.ActiveCfg = Release|Any CPU
		{4558B954-1F48-4452-A645-8BC8FA68F5D9}.Release|x86.Build.0 = Release|Any CPU
		{A460BFF2-344D-40B4-BF88-6F89895AD824}.Debug|Any CPU.ActiveCfg = Debug|Any CPU
		{A460BFF2-344D-40B4-BF88-6F89895AD824}.Debug|Any CPU.Build.0 = Debug|Any CPU
		{A460BFF2-344D-40B4-BF88-6F89895AD824}.Debug|x86.ActiveCfg = Debug|Any CPU
		{A460BFF2-344D-40B4-BF88-6F89895AD824}.Debug|x86.Build.0 = Debug|Any CPU
		{A460BFF2-344D-40B4-BF88-6F89895AD824}.Release|Any CPU.ActiveCfg = Release|Any CPU
		{A460BFF2-344D-40B4-BF88-6F89895AD824}.Release|Any CPU.Build.0 = Release|Any CPU
		{A460BFF2-344D-40B4-BF88-6F89895AD824}.Release|x86.ActiveCfg = Release|Any CPU
		{A460BFF2-344D-40B4-BF88-6F89895AD824}.Release|x86.Build.0 = Release|Any CPU
		{4118D1A1-B749-4FCD-9666-7E894AE9AD30}.Debug|Any CPU.ActiveCfg = Debug|Any CPU
		{4118D1A1-B749-4FCD-9666-7E894AE9AD30}.Debug|Any CPU.Build.0 = Debug|Any CPU
		{4118D1A1-B749-4FCD-9666-7E894AE9AD30}.Debug|x86.ActiveCfg = Debug|Any CPU
		{4118D1A1-B749-4FCD-9666-7E894AE9AD30}.Debug|x86.Build.0 = Debug|Any CPU
		{4118D1A1-B749-4FCD-9666-7E894AE9AD30}.Release|Any CPU.ActiveCfg = Release|Any CPU
		{4118D1A1-B749-4FCD-9666-7E894AE9AD30}.Release|Any CPU.Build.0 = Release|Any CPU
		{4118D1A1-B749-4FCD-9666-7E894AE9AD30}.Release|x86.ActiveCfg = Release|Any CPU
		{4118D1A1-B749-4FCD-9666-7E894AE9AD30}.Release|x86.Build.0 = Release|Any CPU
		{9289F911-8418-457A-AD7D-55EBB66ACE55}.Debug|Any CPU.ActiveCfg = Debug|x86
		{9289F911-8418-457A-AD7D-55EBB66ACE55}.Debug|x86.ActiveCfg = Debug|x86
		{9289F911-8418-457A-AD7D-55EBB66ACE55}.Debug|x86.Build.0 = Debug|x86
		{9289F911-8418-457A-AD7D-55EBB66ACE55}.Release|Any CPU.ActiveCfg = Release|x86
		{9289F911-8418-457A-AD7D-55EBB66ACE55}.Release|x86.ActiveCfg = Release|x86
		{9289F911-8418-457A-AD7D-55EBB66ACE55}.Release|x86.Build.0 = Release|x86
		{55B5EEBB-5E0D-479A-BDA5-07B17E389AC8}.Debug|Any CPU.ActiveCfg = Debug|Any CPU
		{55B5EEBB-5E0D-479A-BDA5-07B17E389AC8}.Debug|Any CPU.Build.0 = Debug|Any CPU
		{55B5EEBB-5E0D-479A-BDA5-07B17E389AC8}.Debug|x86.ActiveCfg = Debug|Any CPU
		{55B5EEBB-5E0D-479A-BDA5-07B17E389AC8}.Debug|x86.Build.0 = Debug|Any CPU
		{55B5EEBB-5E0D-479A-BDA5-07B17E389AC8}.Release|Any CPU.ActiveCfg = Release|Any CPU
		{55B5EEBB-5E0D-479A-BDA5-07B17E389AC8}.Release|Any CPU.Build.0 = Release|Any CPU
		{55B5EEBB-5E0D-479A-BDA5-07B17E389AC8}.Release|x86.ActiveCfg = Release|Any CPU
		{55B5EEBB-5E0D-479A-BDA5-07B17E389AC8}.Release|x86.Build.0 = Release|Any CPU
		{7390C2F7-634F-4F64-9420-15059BB26804}.Debug|Any CPU.ActiveCfg = Debug|Any CPU
		{7390C2F7-634F-4F64-9420-15059BB26804}.Debug|Any CPU.Build.0 = Debug|Any CPU
		{7390C2F7-634F-4F64-9420-15059BB26804}.Debug|x86.ActiveCfg = Debug|Any CPU
		{7390C2F7-634F-4F64-9420-15059BB26804}.Debug|x86.Build.0 = Debug|Any CPU
		{7390C2F7-634F-4F64-9420-15059BB26804}.Release|Any CPU.ActiveCfg = Release|Any CPU
		{7390C2F7-634F-4F64-9420-15059BB26804}.Release|Any CPU.Build.0 = Release|Any CPU
		{7390C2F7-634F-4F64-9420-15059BB26804}.Release|x86.ActiveCfg = Release|Any CPU
		{7390C2F7-634F-4F64-9420-15059BB26804}.Release|x86.Build.0 = Release|Any CPU
		{14BB1BE0-F6FF-459B-B300-7145134C13E6}.Debug|Any CPU.ActiveCfg = Debug|Any CPU
		{14BB1BE0-F6FF-459B-B300-7145134C13E6}.Debug|Any CPU.Build.0 = Debug|Any CPU
		{14BB1BE0-F6FF-459B-B300-7145134C13E6}.Debug|x86.ActiveCfg = Debug|Any CPU
		{14BB1BE0-F6FF-459B-B300-7145134C13E6}.Debug|x86.Build.0 = Debug|Any CPU
		{14BB1BE0-F6FF-459B-B300-7145134C13E6}.Release|Any CPU.ActiveCfg = Release|Any CPU
		{14BB1BE0-F6FF-459B-B300-7145134C13E6}.Release|Any CPU.Build.0 = Release|Any CPU
		{14BB1BE0-F6FF-459B-B300-7145134C13E6}.Release|x86.ActiveCfg = Release|Any CPU
		{14BB1BE0-F6FF-459B-B300-7145134C13E6}.Release|x86.Build.0 = Release|Any CPU
		{19753431-25A2-4A24-8DC4-93A808A95E76}.Debug|Any CPU.ActiveCfg = Debug|Any CPU
		{19753431-25A2-4A24-8DC4-93A808A95E76}.Debug|Any CPU.Build.0 = Debug|Any CPU
		{19753431-25A2-4A24-8DC4-93A808A95E76}.Debug|x86.ActiveCfg = Debug|Any CPU
		{19753431-25A2-4A24-8DC4-93A808A95E76}.Debug|x86.Build.0 = Debug|Any CPU
		{19753431-25A2-4A24-8DC4-93A808A95E76}.Release|Any CPU.ActiveCfg = Release|Any CPU
		{19753431-25A2-4A24-8DC4-93A808A95E76}.Release|Any CPU.Build.0 = Release|Any CPU
		{19753431-25A2-4A24-8DC4-93A808A95E76}.Release|x86.ActiveCfg = Release|Any CPU
		{19753431-25A2-4A24-8DC4-93A808A95E76}.Release|x86.Build.0 = Release|Any CPU
		{32AEE438-3F1C-460C-BF24-5D1B3CC15BBB}.Debug|Any CPU.ActiveCfg = Debug|Any CPU
		{32AEE438-3F1C-460C-BF24-5D1B3CC15BBB}.Debug|Any CPU.Build.0 = Debug|Any CPU
		{32AEE438-3F1C-460C-BF24-5D1B3CC15BBB}.Debug|x86.ActiveCfg = Debug|Any CPU
		{32AEE438-3F1C-460C-BF24-5D1B3CC15BBB}.Debug|x86.Build.0 = Debug|Any CPU
		{32AEE438-3F1C-460C-BF24-5D1B3CC15BBB}.Release|Any CPU.ActiveCfg = Release|Any CPU
		{32AEE438-3F1C-460C-BF24-5D1B3CC15BBB}.Release|Any CPU.Build.0 = Release|Any CPU
		{32AEE438-3F1C-460C-BF24-5D1B3CC15BBB}.Release|x86.ActiveCfg = Release|Any CPU
		{32AEE438-3F1C-460C-BF24-5D1B3CC15BBB}.Release|x86.Build.0 = Release|Any CPU
		{1FB53656-8338-462B-8B22-597FEA713F2B}.Debug|Any CPU.ActiveCfg = Debug|Any CPU
		{1FB53656-8338-462B-8B22-597FEA713F2B}.Debug|Any CPU.Build.0 = Debug|Any CPU
		{1FB53656-8338-462B-8B22-597FEA713F2B}.Debug|x86.ActiveCfg = Debug|Any CPU
		{1FB53656-8338-462B-8B22-597FEA713F2B}.Debug|x86.Build.0 = Debug|Any CPU
		{1FB53656-8338-462B-8B22-597FEA713F2B}.Release|Any CPU.ActiveCfg = Release|Any CPU
		{1FB53656-8338-462B-8B22-597FEA713F2B}.Release|Any CPU.Build.0 = Release|Any CPU
		{1FB53656-8338-462B-8B22-597FEA713F2B}.Release|x86.ActiveCfg = Release|Any CPU
		{1FB53656-8338-462B-8B22-597FEA713F2B}.Release|x86.Build.0 = Release|Any CPU
		{85101749-D4EC-4CE3-9B47-3867DF0B1EBD}.Debug|Any CPU.ActiveCfg = Debug|Any CPU
		{85101749-D4EC-4CE3-9B47-3867DF0B1EBD}.Debug|Any CPU.Build.0 = Debug|Any CPU
		{85101749-D4EC-4CE3-9B47-3867DF0B1EBD}.Debug|x86.ActiveCfg = Debug|Any CPU
		{85101749-D4EC-4CE3-9B47-3867DF0B1EBD}.Debug|x86.Build.0 = Debug|Any CPU
		{85101749-D4EC-4CE3-9B47-3867DF0B1EBD}.Release|Any CPU.ActiveCfg = Release|Any CPU
		{85101749-D4EC-4CE3-9B47-3867DF0B1EBD}.Release|Any CPU.Build.0 = Release|Any CPU
		{85101749-D4EC-4CE3-9B47-3867DF0B1EBD}.Release|x86.ActiveCfg = Release|Any CPU
		{85101749-D4EC-4CE3-9B47-3867DF0B1EBD}.Release|x86.Build.0 = Release|Any CPU
		{E104206D-313E-4155-BB43-F4D4882069C3}.Debug|Any CPU.ActiveCfg = Debug|Any CPU
		{E104206D-313E-4155-BB43-F4D4882069C3}.Debug|Any CPU.Build.0 = Debug|Any CPU
		{E104206D-313E-4155-BB43-F4D4882069C3}.Debug|x86.ActiveCfg = Debug|Any CPU
		{E104206D-313E-4155-BB43-F4D4882069C3}.Debug|x86.Build.0 = Debug|Any CPU
		{E104206D-313E-4155-BB43-F4D4882069C3}.Release|Any CPU.ActiveCfg = Release|Any CPU
		{E104206D-313E-4155-BB43-F4D4882069C3}.Release|Any CPU.Build.0 = Release|Any CPU
		{E104206D-313E-4155-BB43-F4D4882069C3}.Release|x86.ActiveCfg = Release|Any CPU
		{E104206D-313E-4155-BB43-F4D4882069C3}.Release|x86.Build.0 = Release|Any CPU
		{1B9BADA9-CA36-44A1-AC8C-9D39D821B429}.Debug|Any CPU.ActiveCfg = Debug|Any CPU
		{1B9BADA9-CA36-44A1-AC8C-9D39D821B429}.Debug|Any CPU.Build.0 = Debug|Any CPU
		{1B9BADA9-CA36-44A1-AC8C-9D39D821B429}.Debug|x86.ActiveCfg = Debug|Any CPU
		{1B9BADA9-CA36-44A1-AC8C-9D39D821B429}.Debug|x86.Build.0 = Debug|Any CPU
		{1B9BADA9-CA36-44A1-AC8C-9D39D821B429}.Release|Any CPU.ActiveCfg = Release|Any CPU
		{1B9BADA9-CA36-44A1-AC8C-9D39D821B429}.Release|Any CPU.Build.0 = Release|Any CPU
		{1B9BADA9-CA36-44A1-AC8C-9D39D821B429}.Release|x86.ActiveCfg = Release|Any CPU
		{1B9BADA9-CA36-44A1-AC8C-9D39D821B429}.Release|x86.Build.0 = Release|Any CPU
		{7BB900B7-28EF-4ED5-A8DE-DC4144E5C1D0}.Debug|Any CPU.ActiveCfg = Debug|Any CPU
		{7BB900B7-28EF-4ED5-A8DE-DC4144E5C1D0}.Debug|Any CPU.Build.0 = Debug|Any CPU
		{7BB900B7-28EF-4ED5-A8DE-DC4144E5C1D0}.Debug|x86.ActiveCfg = Debug|Any CPU
		{7BB900B7-28EF-4ED5-A8DE-DC4144E5C1D0}.Debug|x86.Build.0 = Debug|Any CPU
		{7BB900B7-28EF-4ED5-A8DE-DC4144E5C1D0}.Release|Any CPU.ActiveCfg = Release|Any CPU
		{7BB900B7-28EF-4ED5-A8DE-DC4144E5C1D0}.Release|Any CPU.Build.0 = Release|Any CPU
		{7BB900B7-28EF-4ED5-A8DE-DC4144E5C1D0}.Release|x86.ActiveCfg = Release|Any CPU
		{7BB900B7-28EF-4ED5-A8DE-DC4144E5C1D0}.Release|x86.Build.0 = Release|Any CPU
		{D3A2177B-1CB4-46B1-BC21-9D457BAF4B94}.Debug|Any CPU.ActiveCfg = Debug|Any CPU
		{D3A2177B-1CB4-46B1-BC21-9D457BAF4B94}.Debug|Any CPU.Build.0 = Debug|Any CPU
		{D3A2177B-1CB4-46B1-BC21-9D457BAF4B94}.Debug|x86.ActiveCfg = Debug|Any CPU
		{D3A2177B-1CB4-46B1-BC21-9D457BAF4B94}.Debug|x86.Build.0 = Debug|Any CPU
		{D3A2177B-1CB4-46B1-BC21-9D457BAF4B94}.Release|Any CPU.ActiveCfg = Release|Any CPU
		{D3A2177B-1CB4-46B1-BC21-9D457BAF4B94}.Release|Any CPU.Build.0 = Release|Any CPU
		{D3A2177B-1CB4-46B1-BC21-9D457BAF4B94}.Release|x86.ActiveCfg = Release|Any CPU
		{D3A2177B-1CB4-46B1-BC21-9D457BAF4B94}.Release|x86.Build.0 = Release|Any CPU
		{48D2ED1E-1C80-4F06-8C1F-58017B56BEEB}.Debug|Any CPU.ActiveCfg = Debug|Any CPU
		{48D2ED1E-1C80-4F06-8C1F-58017B56BEEB}.Debug|Any CPU.Build.0 = Debug|Any CPU
		{48D2ED1E-1C80-4F06-8C1F-58017B56BEEB}.Debug|x86.ActiveCfg = Debug|Any CPU
		{48D2ED1E-1C80-4F06-8C1F-58017B56BEEB}.Debug|x86.Build.0 = Debug|Any CPU
		{48D2ED1E-1C80-4F06-8C1F-58017B56BEEB}.Release|Any CPU.ActiveCfg = Release|Any CPU
		{48D2ED1E-1C80-4F06-8C1F-58017B56BEEB}.Release|Any CPU.Build.0 = Release|Any CPU
		{48D2ED1E-1C80-4F06-8C1F-58017B56BEEB}.Release|x86.ActiveCfg = Release|Any CPU
		{48D2ED1E-1C80-4F06-8C1F-58017B56BEEB}.Release|x86.Build.0 = Release|Any CPU
		{03DD552D-778C-4C77-84C3-39205C8006BF}.Debug|Any CPU.ActiveCfg = Debug|Any CPU
		{03DD552D-778C-4C77-84C3-39205C8006BF}.Debug|Any CPU.Build.0 = Debug|Any CPU
		{03DD552D-778C-4C77-84C3-39205C8006BF}.Debug|x86.ActiveCfg = Debug|Any CPU
		{03DD552D-778C-4C77-84C3-39205C8006BF}.Debug|x86.Build.0 = Debug|Any CPU
		{03DD552D-778C-4C77-84C3-39205C8006BF}.Release|Any CPU.ActiveCfg = Release|Any CPU
		{03DD552D-778C-4C77-84C3-39205C8006BF}.Release|Any CPU.Build.0 = Release|Any CPU
		{03DD552D-778C-4C77-84C3-39205C8006BF}.Release|x86.ActiveCfg = Release|Any CPU
		{03DD552D-778C-4C77-84C3-39205C8006BF}.Release|x86.Build.0 = Release|Any CPU
		{5D5BD9AD-CE49-43CF-B916-76FFCDB9601C}.Debug|Any CPU.ActiveCfg = Debug|Any CPU
		{5D5BD9AD-CE49-43CF-B916-76FFCDB9601C}.Debug|Any CPU.Build.0 = Debug|Any CPU
		{5D5BD9AD-CE49-43CF-B916-76FFCDB9601C}.Debug|x86.ActiveCfg = Debug|Any CPU
		{5D5BD9AD-CE49-43CF-B916-76FFCDB9601C}.Debug|x86.Build.0 = Debug|Any CPU
		{5D5BD9AD-CE49-43CF-B916-76FFCDB9601C}.Release|Any CPU.ActiveCfg = Release|Any CPU
		{5D5BD9AD-CE49-43CF-B916-76FFCDB9601C}.Release|Any CPU.Build.0 = Release|Any CPU
		{5D5BD9AD-CE49-43CF-B916-76FFCDB9601C}.Release|x86.ActiveCfg = Release|Any CPU
		{5D5BD9AD-CE49-43CF-B916-76FFCDB9601C}.Release|x86.Build.0 = Release|Any CPU
		{0F1F782B-8944-4539-83A2-F9FAC30F5D51}.Debug|Any CPU.ActiveCfg = Debug|Any CPU
		{0F1F782B-8944-4539-83A2-F9FAC30F5D51}.Debug|Any CPU.Build.0 = Debug|Any CPU
		{0F1F782B-8944-4539-83A2-F9FAC30F5D51}.Debug|x86.ActiveCfg = Debug|Any CPU
		{0F1F782B-8944-4539-83A2-F9FAC30F5D51}.Debug|x86.Build.0 = Debug|Any CPU
		{0F1F782B-8944-4539-83A2-F9FAC30F5D51}.Release|Any CPU.ActiveCfg = Release|Any CPU
		{0F1F782B-8944-4539-83A2-F9FAC30F5D51}.Release|Any CPU.Build.0 = Release|Any CPU
		{0F1F782B-8944-4539-83A2-F9FAC30F5D51}.Release|x86.ActiveCfg = Release|Any CPU
		{0F1F782B-8944-4539-83A2-F9FAC30F5D51}.Release|x86.Build.0 = Release|Any CPU
		{D45083CE-D090-4EA4-A4A8-9F7C187244F0}.Debug|Any CPU.ActiveCfg = Debug|Any CPU
		{D45083CE-D090-4EA4-A4A8-9F7C187244F0}.Debug|Any CPU.Build.0 = Debug|Any CPU
		{D45083CE-D090-4EA4-A4A8-9F7C187244F0}.Debug|x86.ActiveCfg = Debug|Any CPU
		{D45083CE-D090-4EA4-A4A8-9F7C187244F0}.Debug|x86.Build.0 = Debug|Any CPU
		{D45083CE-D090-4EA4-A4A8-9F7C187244F0}.Release|Any CPU.ActiveCfg = Release|Any CPU
		{D45083CE-D090-4EA4-A4A8-9F7C187244F0}.Release|Any CPU.Build.0 = Release|Any CPU
		{D45083CE-D090-4EA4-A4A8-9F7C187244F0}.Release|x86.ActiveCfg = Release|Any CPU
		{D45083CE-D090-4EA4-A4A8-9F7C187244F0}.Release|x86.Build.0 = Release|Any CPU
		{751B3C03-6ABA-46E7-92E7-4053DA09AA64}.Debug|Any CPU.ActiveCfg = Debug|Any CPU
		{751B3C03-6ABA-46E7-92E7-4053DA09AA64}.Debug|Any CPU.Build.0 = Debug|Any CPU
		{751B3C03-6ABA-46E7-92E7-4053DA09AA64}.Debug|x86.ActiveCfg = Debug|Any CPU
		{751B3C03-6ABA-46E7-92E7-4053DA09AA64}.Debug|x86.Build.0 = Debug|Any CPU
		{751B3C03-6ABA-46E7-92E7-4053DA09AA64}.Release|Any CPU.ActiveCfg = Release|Any CPU
		{751B3C03-6ABA-46E7-92E7-4053DA09AA64}.Release|Any CPU.Build.0 = Release|Any CPU
		{751B3C03-6ABA-46E7-92E7-4053DA09AA64}.Release|x86.ActiveCfg = Release|Any CPU
		{751B3C03-6ABA-46E7-92E7-4053DA09AA64}.Release|x86.Build.0 = Release|Any CPU
		{0A9630D6-AB4E-4C66-A406-D5D99FFD8055}.Debug|Any CPU.ActiveCfg = Debug|Any CPU
		{0A9630D6-AB4E-4C66-A406-D5D99FFD8055}.Debug|Any CPU.Build.0 = Debug|Any CPU
		{0A9630D6-AB4E-4C66-A406-D5D99FFD8055}.Debug|x86.ActiveCfg = Debug|Any CPU
		{0A9630D6-AB4E-4C66-A406-D5D99FFD8055}.Debug|x86.Build.0 = Debug|Any CPU
		{0A9630D6-AB4E-4C66-A406-D5D99FFD8055}.Release|Any CPU.ActiveCfg = Release|Any CPU
		{0A9630D6-AB4E-4C66-A406-D5D99FFD8055}.Release|Any CPU.Build.0 = Release|Any CPU
		{0A9630D6-AB4E-4C66-A406-D5D99FFD8055}.Release|x86.ActiveCfg = Release|Any CPU
		{0A9630D6-AB4E-4C66-A406-D5D99FFD8055}.Release|x86.Build.0 = Release|Any CPU
		{E716CC6B-31E4-4DFB-8B56-DBAADC100247}.Debug|Any CPU.ActiveCfg = Debug|Any CPU
		{E716CC6B-31E4-4DFB-8B56-DBAADC100247}.Debug|Any CPU.Build.0 = Debug|Any CPU
		{E716CC6B-31E4-4DFB-8B56-DBAADC100247}.Debug|x86.ActiveCfg = Debug|Any CPU
		{E716CC6B-31E4-4DFB-8B56-DBAADC100247}.Debug|x86.Build.0 = Debug|Any CPU
		{E716CC6B-31E4-4DFB-8B56-DBAADC100247}.Release|Any CPU.ActiveCfg = Release|Any CPU
		{E716CC6B-31E4-4DFB-8B56-DBAADC100247}.Release|Any CPU.Build.0 = Release|Any CPU
		{E716CC6B-31E4-4DFB-8B56-DBAADC100247}.Release|x86.ActiveCfg = Release|Any CPU
		{E716CC6B-31E4-4DFB-8B56-DBAADC100247}.Release|x86.Build.0 = Release|Any CPU
		{839E6777-F0B2-427C-AE71-8CF4EB7C38E7}.Debug|Any CPU.ActiveCfg = Debug|Any CPU
		{839E6777-F0B2-427C-AE71-8CF4EB7C38E7}.Debug|Any CPU.Build.0 = Debug|Any CPU
		{839E6777-F0B2-427C-AE71-8CF4EB7C38E7}.Debug|x86.ActiveCfg = Debug|Any CPU
		{839E6777-F0B2-427C-AE71-8CF4EB7C38E7}.Debug|x86.Build.0 = Debug|Any CPU
		{839E6777-F0B2-427C-AE71-8CF4EB7C38E7}.Release|Any CPU.ActiveCfg = Release|Any CPU
		{839E6777-F0B2-427C-AE71-8CF4EB7C38E7}.Release|Any CPU.Build.0 = Release|Any CPU
		{839E6777-F0B2-427C-AE71-8CF4EB7C38E7}.Release|x86.ActiveCfg = Release|Any CPU
		{839E6777-F0B2-427C-AE71-8CF4EB7C38E7}.Release|x86.Build.0 = Release|Any CPU
		{82DDB2D2-EA9A-4983-8641-14D148A4EBB8}.Debug|Any CPU.ActiveCfg = Debug|Any CPU
		{82DDB2D2-EA9A-4983-8641-14D148A4EBB8}.Debug|Any CPU.Build.0 = Debug|Any CPU
		{82DDB2D2-EA9A-4983-8641-14D148A4EBB8}.Debug|x86.ActiveCfg = Debug|Any CPU
		{82DDB2D2-EA9A-4983-8641-14D148A4EBB8}.Debug|x86.Build.0 = Debug|Any CPU
		{82DDB2D2-EA9A-4983-8641-14D148A4EBB8}.Release|Any CPU.ActiveCfg = Release|Any CPU
		{82DDB2D2-EA9A-4983-8641-14D148A4EBB8}.Release|Any CPU.Build.0 = Release|Any CPU
		{82DDB2D2-EA9A-4983-8641-14D148A4EBB8}.Release|x86.ActiveCfg = Release|Any CPU
		{82DDB2D2-EA9A-4983-8641-14D148A4EBB8}.Release|x86.Build.0 = Release|Any CPU
		{2647971A-540F-439F-8FA2-5D547EC2B583}.Debug|Any CPU.ActiveCfg = Debug|Any CPU
		{2647971A-540F-439F-8FA2-5D547EC2B583}.Debug|Any CPU.Build.0 = Debug|Any CPU
		{2647971A-540F-439F-8FA2-5D547EC2B583}.Debug|x86.ActiveCfg = Debug|Any CPU
		{2647971A-540F-439F-8FA2-5D547EC2B583}.Debug|x86.Build.0 = Debug|Any CPU
		{2647971A-540F-439F-8FA2-5D547EC2B583}.Release|Any CPU.ActiveCfg = Release|Any CPU
		{2647971A-540F-439F-8FA2-5D547EC2B583}.Release|Any CPU.Build.0 = Release|Any CPU
		{2647971A-540F-439F-8FA2-5D547EC2B583}.Release|x86.ActiveCfg = Release|Any CPU
		{2647971A-540F-439F-8FA2-5D547EC2B583}.Release|x86.Build.0 = Release|Any CPU
		{70451EE0-7765-44A0-A576-19B4A734C6E8}.Debug|Any CPU.ActiveCfg = Debug|Any CPU
		{70451EE0-7765-44A0-A576-19B4A734C6E8}.Debug|Any CPU.Build.0 = Debug|Any CPU
		{70451EE0-7765-44A0-A576-19B4A734C6E8}.Debug|x86.ActiveCfg = Debug|Any CPU
		{70451EE0-7765-44A0-A576-19B4A734C6E8}.Debug|x86.Build.0 = Debug|Any CPU
		{70451EE0-7765-44A0-A576-19B4A734C6E8}.Release|Any CPU.ActiveCfg = Release|Any CPU
		{70451EE0-7765-44A0-A576-19B4A734C6E8}.Release|Any CPU.Build.0 = Release|Any CPU
		{70451EE0-7765-44A0-A576-19B4A734C6E8}.Release|x86.ActiveCfg = Release|Any CPU
		{70451EE0-7765-44A0-A576-19B4A734C6E8}.Release|x86.Build.0 = Release|Any CPU
		{2B334E10-66A6-4507-9068-E444B7ADB46A}.Debug|Any CPU.ActiveCfg = Debug|Any CPU
		{2B334E10-66A6-4507-9068-E444B7ADB46A}.Debug|Any CPU.Build.0 = Debug|Any CPU
		{2B334E10-66A6-4507-9068-E444B7ADB46A}.Debug|x86.ActiveCfg = Debug|Any CPU
		{2B334E10-66A6-4507-9068-E444B7ADB46A}.Debug|x86.Build.0 = Debug|Any CPU
		{2B334E10-66A6-4507-9068-E444B7ADB46A}.Release|Any CPU.ActiveCfg = Release|Any CPU
		{2B334E10-66A6-4507-9068-E444B7ADB46A}.Release|Any CPU.Build.0 = Release|Any CPU
		{2B334E10-66A6-4507-9068-E444B7ADB46A}.Release|x86.ActiveCfg = Release|Any CPU
		{2B334E10-66A6-4507-9068-E444B7ADB46A}.Release|x86.Build.0 = Release|Any CPU
		{BFEC3639-C914-4F9B-BB93-0A38D2C4DC54}.Debug|Any CPU.ActiveCfg = Debug|Any CPU
		{BFEC3639-C914-4F9B-BB93-0A38D2C4DC54}.Debug|Any CPU.Build.0 = Debug|Any CPU
		{BFEC3639-C914-4F9B-BB93-0A38D2C4DC54}.Debug|x86.ActiveCfg = Debug|Any CPU
		{BFEC3639-C914-4F9B-BB93-0A38D2C4DC54}.Debug|x86.Build.0 = Debug|Any CPU
		{BFEC3639-C914-4F9B-BB93-0A38D2C4DC54}.Release|Any CPU.ActiveCfg = Release|Any CPU
		{BFEC3639-C914-4F9B-BB93-0A38D2C4DC54}.Release|Any CPU.Build.0 = Release|Any CPU
		{BFEC3639-C914-4F9B-BB93-0A38D2C4DC54}.Release|x86.ActiveCfg = Release|Any CPU
		{BFEC3639-C914-4F9B-BB93-0A38D2C4DC54}.Release|x86.Build.0 = Release|Any CPU
		{0A5AB1AF-6018-4383-A0FC-F72AD45E0651}.Debug|Any CPU.ActiveCfg = Debug|Any CPU
		{0A5AB1AF-6018-4383-A0FC-F72AD45E0651}.Debug|Any CPU.Build.0 = Debug|Any CPU
		{0A5AB1AF-6018-4383-A0FC-F72AD45E0651}.Debug|x86.ActiveCfg = Debug|Any CPU
		{0A5AB1AF-6018-4383-A0FC-F72AD45E0651}.Debug|x86.Build.0 = Debug|Any CPU
		{0A5AB1AF-6018-4383-A0FC-F72AD45E0651}.Release|Any CPU.ActiveCfg = Release|Any CPU
		{0A5AB1AF-6018-4383-A0FC-F72AD45E0651}.Release|Any CPU.Build.0 = Release|Any CPU
		{0A5AB1AF-6018-4383-A0FC-F72AD45E0651}.Release|x86.ActiveCfg = Release|Any CPU
		{0A5AB1AF-6018-4383-A0FC-F72AD45E0651}.Release|x86.Build.0 = Release|Any CPU
		{6B85C738-9E17-498E-AE52-ACF1C6E87A58}.Debug|Any CPU.ActiveCfg = Debug|Any CPU
		{6B85C738-9E17-498E-AE52-ACF1C6E87A58}.Debug|Any CPU.Build.0 = Debug|Any CPU
		{6B85C738-9E17-498E-AE52-ACF1C6E87A58}.Debug|x86.ActiveCfg = Debug|Any CPU
		{6B85C738-9E17-498E-AE52-ACF1C6E87A58}.Debug|x86.Build.0 = Debug|Any CPU
		{6B85C738-9E17-498E-AE52-ACF1C6E87A58}.Release|Any CPU.ActiveCfg = Release|Any CPU
		{6B85C738-9E17-498E-AE52-ACF1C6E87A58}.Release|Any CPU.Build.0 = Release|Any CPU
		{6B85C738-9E17-498E-AE52-ACF1C6E87A58}.Release|x86.ActiveCfg = Release|Any CPU
		{6B85C738-9E17-498E-AE52-ACF1C6E87A58}.Release|x86.Build.0 = Release|Any CPU
		{05A4355D-495D-4B59-8493-6F354EE57A0A}.Debug|Any CPU.ActiveCfg = Debug|Any CPU
		{05A4355D-495D-4B59-8493-6F354EE57A0A}.Debug|Any CPU.Build.0 = Debug|Any CPU
		{05A4355D-495D-4B59-8493-6F354EE57A0A}.Debug|x86.ActiveCfg = Debug|Any CPU
		{05A4355D-495D-4B59-8493-6F354EE57A0A}.Debug|x86.Build.0 = Debug|Any CPU
		{05A4355D-495D-4B59-8493-6F354EE57A0A}.Release|Any CPU.ActiveCfg = Release|Any CPU
		{05A4355D-495D-4B59-8493-6F354EE57A0A}.Release|Any CPU.Build.0 = Release|Any CPU
		{05A4355D-495D-4B59-8493-6F354EE57A0A}.Release|x86.ActiveCfg = Release|Any CPU
		{05A4355D-495D-4B59-8493-6F354EE57A0A}.Release|x86.Build.0 = Release|Any CPU
		{8FAC18F3-53D3-47BC-BD89-67D3EF08A1DE}.Debug|Any CPU.ActiveCfg = Debug|Any CPU
		{8FAC18F3-53D3-47BC-BD89-67D3EF08A1DE}.Debug|Any CPU.Build.0 = Debug|Any CPU
		{8FAC18F3-53D3-47BC-BD89-67D3EF08A1DE}.Debug|x86.ActiveCfg = Debug|Any CPU
		{8FAC18F3-53D3-47BC-BD89-67D3EF08A1DE}.Debug|x86.Build.0 = Debug|Any CPU
		{8FAC18F3-53D3-47BC-BD89-67D3EF08A1DE}.Release|Any CPU.ActiveCfg = Release|Any CPU
		{8FAC18F3-53D3-47BC-BD89-67D3EF08A1DE}.Release|Any CPU.Build.0 = Release|Any CPU
		{8FAC18F3-53D3-47BC-BD89-67D3EF08A1DE}.Release|x86.ActiveCfg = Release|Any CPU
		{8FAC18F3-53D3-47BC-BD89-67D3EF08A1DE}.Release|x86.Build.0 = Release|Any CPU
		{414A8E5D-2529-42C0-A67D-CFFDA141052D}.Debug|Any CPU.ActiveCfg = Debug|Any CPU
		{414A8E5D-2529-42C0-A67D-CFFDA141052D}.Debug|Any CPU.Build.0 = Debug|Any CPU
		{414A8E5D-2529-42C0-A67D-CFFDA141052D}.Debug|x86.ActiveCfg = Debug|Any CPU
		{414A8E5D-2529-42C0-A67D-CFFDA141052D}.Debug|x86.Build.0 = Debug|Any CPU
		{414A8E5D-2529-42C0-A67D-CFFDA141052D}.Release|Any CPU.ActiveCfg = Release|Any CPU
		{414A8E5D-2529-42C0-A67D-CFFDA141052D}.Release|Any CPU.Build.0 = Release|Any CPU
		{414A8E5D-2529-42C0-A67D-CFFDA141052D}.Release|x86.ActiveCfg = Release|Any CPU
		{414A8E5D-2529-42C0-A67D-CFFDA141052D}.Release|x86.Build.0 = Release|Any CPU
		{0A782A30-E167-409D-8AA3-83676D2CB8A3}.Debug|Any CPU.ActiveCfg = Debug|Any CPU
		{0A782A30-E167-409D-8AA3-83676D2CB8A3}.Debug|Any CPU.Build.0 = Debug|Any CPU
		{0A782A30-E167-409D-8AA3-83676D2CB8A3}.Debug|x86.ActiveCfg = Debug|Any CPU
		{0A782A30-E167-409D-8AA3-83676D2CB8A3}.Debug|x86.Build.0 = Debug|Any CPU
		{0A782A30-E167-409D-8AA3-83676D2CB8A3}.Release|Any CPU.ActiveCfg = Release|Any CPU
		{0A782A30-E167-409D-8AA3-83676D2CB8A3}.Release|Any CPU.Build.0 = Release|Any CPU
		{0A782A30-E167-409D-8AA3-83676D2CB8A3}.Release|x86.ActiveCfg = Release|Any CPU
		{0A782A30-E167-409D-8AA3-83676D2CB8A3}.Release|x86.Build.0 = Release|Any CPU
		{EE654EEC-7906-4700-9A2C-64280E92B6AD}.Debug|Any CPU.ActiveCfg = Debug|Any CPU
		{EE654EEC-7906-4700-9A2C-64280E92B6AD}.Debug|Any CPU.Build.0 = Debug|Any CPU
		{EE654EEC-7906-4700-9A2C-64280E92B6AD}.Debug|x86.ActiveCfg = Debug|Any CPU
		{EE654EEC-7906-4700-9A2C-64280E92B6AD}.Debug|x86.Build.0 = Debug|Any CPU
		{EE654EEC-7906-4700-9A2C-64280E92B6AD}.Release|Any CPU.ActiveCfg = Release|Any CPU
		{EE654EEC-7906-4700-9A2C-64280E92B6AD}.Release|Any CPU.Build.0 = Release|Any CPU
		{EE654EEC-7906-4700-9A2C-64280E92B6AD}.Release|x86.ActiveCfg = Release|Any CPU
		{EE654EEC-7906-4700-9A2C-64280E92B6AD}.Release|x86.Build.0 = Release|Any CPU
	EndGlobalSection
	GlobalSection(SolutionProperties) = preSolution
		HideSolutionNode = FALSE
	EndGlobalSection
	GlobalSection(NestedProjects) = preSolution
		{7BB900B7-28EF-4ED5-A8DE-DC4144E5C1D0} = {0C121CE7-8EEE-4520-8D7F-319D3D20ACDC}
		{48D2ED1E-1C80-4F06-8C1F-58017B56BEEB} = {2EB85AEB-A0E5-4FC0-9F03-B9FE5E8AAC5B}
		{03DD552D-778C-4C77-84C3-39205C8006BF} = {10B33129-F329-4794-ABFC-3F75687903EF}
		{5D5BD9AD-CE49-43CF-B916-76FFCDB9601C} = {2EB85AEB-A0E5-4FC0-9F03-B9FE5E8AAC5B}
		{0F1F782B-8944-4539-83A2-F9FAC30F5D51} = {3956CABC-A903-4FA5-8939-FA55826FB823}
		{0A9630D6-AB4E-4C66-A406-D5D99FFD8055} = {0C121CE7-8EEE-4520-8D7F-319D3D20ACDC}
		{E716CC6B-31E4-4DFB-8B56-DBAADC100247} = {27466980-3DCA-4803-B618-8BC0861A39E0}
		{839E6777-F0B2-427C-AE71-8CF4EB7C38E7} = {5DD855BF-256A-4D65-AF35-3CBD0D53DFB5}
		{82DDB2D2-EA9A-4983-8641-14D148A4EBB8} = {9CCFC135-0D9A-41C1-A096-2413FEC80668}
		{5060FDB7-9032-4954-8DC4-365302BA7A4A} = {9CCFC135-0D9A-41C1-A096-2413FEC80668}
		{2647971A-540F-439F-8FA2-5D547EC2B583} = {0C121CE7-8EEE-4520-8D7F-319D3D20ACDC}
		{70451EE0-7765-44A0-A576-19B4A734C6E8} = {FC33801F-2D7F-4162-B127-46D6976ED705}
		{2B334E10-66A6-4507-9068-E444B7ADB46A} = {ED108E4F-C26C-48E7-864B-9AC4C5B870EC}
		{BFEC3639-C914-4F9B-BB93-0A38D2C4DC54} = {ED108E4F-C26C-48E7-864B-9AC4C5B870EC}
		{0A5AB1AF-6018-4383-A0FC-F72AD45E0651} = {0C121CE7-8EEE-4520-8D7F-319D3D20ACDC}
		{6B85C738-9E17-498E-AE52-ACF1C6E87A58} = {E59BACEA-09C2-413B-A1C5-8938E2BFBCB0}
		{05A4355D-495D-4B59-8493-6F354EE57A0A} = {ED108E4F-C26C-48E7-864B-9AC4C5B870EC}
		{8FAC18F3-53D3-47BC-BD89-67D3EF08A1DE} = {427E4F5F-5C02-4851-996D-0C947BFB1326}
		{414A8E5D-2529-42C0-A67D-CFFDA141052D} = {B975D612-604A-4808-A458-DAEE7ED54E31}
		{0A782A30-E167-409D-8AA3-83676D2CB8A3} = {AE88265E-FAA3-4E0A-91C5-5EA5A1078614}
		{EE654EEC-7906-4700-9A2C-64280E92B6AD} = {9CCFC135-0D9A-41C1-A096-2413FEC80668}
	EndGlobalSection
EndGlobal
